
Microsoft Visual Studio Solution File, Format Version 12.00
# Visual Studio 2013
VisualStudioVersion = 12.0.31101.0
MinimumVisualStudioVersion = 10.0.40219.1
Project("{FAE04EC0-301F-11D3-BF4B-00C04F79EFBC}") = "Problem1.Printing", "Problem1.Printing\Problem1.Printing.csproj", "{E539403D-FAB4-4984-8AF1-355AC7F74EFA}"
EndProject
Project("{FAE04EC0-301F-11D3-BF4B-00C04F79EFBC}") = "Problem2.TextToNumber", "Problem2.TextToNumber\Problem2.TextToNumber.csproj", "{58A848C7-E68F-4B0B-9752-DFEECE352485}"
EndProject
Project("{FAE04EC0-301F-11D3-BF4B-00C04F79EFBC}") = "Problem3.SaddyKopper", "Problem3.SaddyKopper\Problem3.SaddyKopper.csproj", "{6A0F6849-0387-49A0-B1EF-F042E95EB3BD}"
EndProject
Project("{FAE04EC0-301F-11D3-BF4B-00C04F79EFBC}") = "Test", "Test\Test.csproj", "{55AA6547-06EE-430C-86E1-D3E9EFC626AA}"
EndProject
Project("{FAE04EC0-301F-11D3-BF4B-00C04F79EFBC}") = "Problem4.Cubes", "Problem4.Cubes\Problem4.Cubes.csproj", "{7C670125-4678-4B0B-9DCF-069CE429D701}"
EndProject
Project("{FAE04EC0-301F-11D3-BF4B-00C04F79EFBC}") = "Problem5.BitsToBits", "Problem5.BitsToBits\Problem5.BitsToBits.csproj", "{0734AD41-879B-4A67-9354-9C56D8EAE85E}"
EndProject
Global
	GlobalSection(SolutionConfigurationPlatforms) = preSolution
		Debug|Any CPU = Debug|Any CPU
		Release|Any CPU = Release|Any CPU
	EndGlobalSection
	GlobalSection(ProjectConfigurationPlatforms) = postSolution
		{E539403D-FAB4-4984-8AF1-355AC7F74EFA}.Debug|Any CPU.ActiveCfg = Debug|Any CPU
		{E539403D-FAB4-4984-8AF1-355AC7F74EFA}.Debug|Any CPU.Build.0 = Debug|Any CPU
		{E539403D-FAB4-4984-8AF1-355AC7F74EFA}.Release|Any CPU.ActiveCfg = Release|Any CPU
		{E539403D-FAB4-4984-8AF1-355AC7F74EFA}.Release|Any CPU.Build.0 = Release|Any CPU
		{58A848C7-E68F-4B0B-9752-DFEECE352485}.Debug|Any CPU.ActiveCfg = Debug|Any CPU
		{58A848C7-E68F-4B0B-9752-DFEECE352485}.Debug|Any CPU.Build.0 = Debug|Any CPU
		{58A848C7-E68F-4B0B-9752-DFEECE352485}.Release|Any CPU.ActiveCfg = Release|Any CPU
		{58A848C7-E68F-4B0B-9752-DFEECE352485}.Release|Any CPU.Build.0 = Release|Any CPU
		{6A0F6849-0387-49A0-B1EF-F042E95EB3BD}.Debug|Any CPU.ActiveCfg = Debug|Any CPU
		{6A0F6849-0387-49A0-B1EF-F042E95EB3BD}.Debug|Any CPU.Build.0 = Debug|Any CPU
		{6A0F6849-0387-49A0-B1EF-F042E95EB3BD}.Release|Any CPU.ActiveCfg = Release|Any CPU
		{6A0F6849-0387-49A0-B1EF-F042E95EB3BD}.Release|Any CPU.Build.0 = Release|Any CPU
		{55AA6547-06EE-430C-86E1-D3E9EFC626AA}.Debug|Any CPU.ActiveCfg = Debug|Any CPU
		{55AA6547-06EE-430C-86E1-D3E9EFC626AA}.Debug|Any CPU.Build.0 = Debug|Any CPU
		{55AA6547-06EE-430C-86E1-D3E9EFC626AA}.Release|Any CPU.ActiveCfg = Release|Any CPU
		{55AA6547-06EE-430C-86E1-D3E9EFC626AA}.Release|Any CPU.Build.0 = Release|Any CPU
		{7C670125-4678-4B0B-9DCF-069CE429D701}.Debug|Any CPU.ActiveCfg = Debug|Any CPU
		{7C670125-4678-4B0B-9DCF-069CE429D701}.Debug|Any CPU.Build.0 = Debug|Any CPU
		{7C670125-4678-4B0B-9DCF-069CE429D701}.Release|Any CPU.ActiveCfg = Release|Any CPU
		{7C670125-4678-4B0B-9DCF-069CE429D701}.Release|Any CPU.Build.0 = Release|Any CPU
		{0734AD41-879B-4A67-9354-9C56D8EAE85E}.Debug|Any CPU.ActiveCfg = Debug|Any CPU
		{0734AD41-879B-4A67-9354-9C56D8EAE85E}.Debug|Any CPU.Build.0 = Debug|Any CPU
		{0734AD41-879B-4A67-9354-9C56D8EAE85E}.Release|Any CPU.ActiveCfg = Release|Any CPU
		{0734AD41-879B-4A67-9354-9C56D8EAE85E}.Release|Any CPU.Build.0 = Release|Any CPU
	EndGlobalSection
	GlobalSection(SolutionProperties) = preSolution
		HideSolutionNode = FALSE
	EndGlobalSection
EndGlobal
